
Microsoft Visual Studio Solution File, Format Version 12.00
# Visual Studio Version 16
VisualStudioVersion = 16.0.29403.142
MinimumVisualStudioVersion = 10.0.40219.1
Project("{FAE04EC0-301F-11D3-BF4B-00C04F79EFBC}") = "MaxiKiosco", "MaxiKiosco\MaxiKiosco.csproj", "{9DC64B46-E188-4182-B3F1-0FDD16DC1C3A}"
EndProject
Global
	GlobalSection(SolutionConfigurationPlatforms) = preSolution
		Debug|Any CPU = Debug|Any CPU
		Release|Any CPU = Release|Any CPU
	EndGlobalSection
	GlobalSection(ProjectConfigurationPlatforms) = postSolution
		{9DC64B46-E188-4182-B3F1-0FDD16DC1C3A}.Debug|Any CPU.ActiveCfg = Debug|Any CPU
		{9DC64B46-E188-4182-B3F1-0FDD16DC1C3A}.Debug|Any CPU.Build.0 = Debug|Any CPU
		{9DC64B46-E188-4182-B3F1-0FDD16DC1C3A}.Release|Any CPU.ActiveCfg = Release|Any CPU
		{9DC64B46-E188-4182-B3F1-0FDD16DC1C3A}.Release|Any CPU.Build.0 = Release|Any CPU
	EndGlobalSection
	GlobalSection(SolutionProperties) = preSolution
		HideSolutionNode = FALSE
	EndGlobalSection
	GlobalSection(ExtensibilityGlobals) = postSolution
		SolutionGuid = {06506EDF-25F6-480C-8408-DA100861153F}
	EndGlobalSection
EndGlobal
